
Microsoft Visual Studio Solution File, Format Version 12.00
# Visual Studio Version 17
VisualStudioVersion = 17.9.34723.18
MinimumVisualStudioVersion = 10.0.40219.1
Project("{FAE04EC0-301F-11D3-BF4B-00C04F79EFBC}") = "MathServiceHost", "MathServiceHost\MathServiceHost.csproj", "{417A34D7-6334-4752-91F7-956DE4A8BEFB}"
EndProject
Project("{FAE04EC0-301F-11D3-BF4B-00C04F79EFBC}") = "MathService", "..\MathService\MathService\MathService.csproj", "{157A228A-BC77-4030-8F92-B15DB9B0E994}"
EndProject
Global
	GlobalSection(SolutionConfigurationPlatforms) = preSolution
		Debug|Any CPU = Debug|Any CPU
		Release|Any CPU = Release|Any CPU
	EndGlobalSection
	GlobalSection(ProjectConfigurationPlatforms) = postSolution
		{417A34D7-6334-4752-91F7-956DE4A8BEFB}.Debug|Any CPU.ActiveCfg = Debug|Any CPU
		{417A34D7-6334-4752-91F7-956DE4A8BEFB}.Debug|Any CPU.Build.0 = Debug|Any CPU
		{417A34D7-6334-4752-91F7-956DE4A8BEFB}.Release|Any CPU.ActiveCfg = Release|Any CPU
		{417A34D7-6334-4752-91F7-956DE4A8BEFB}.Release|Any CPU.Build.0 = Release|Any CPU
		{157A228A-BC77-4030-8F92-B15DB9B0E994}.Debug|Any CPU.ActiveCfg = Debug|Any CPU
		{157A228A-BC77-4030-8F92-B15DB9B0E994}.Debug|Any CPU.Build.0 = Debug|Any CPU
		{157A228A-BC77-4030-8F92-B15DB9B0E994}.Release|Any CPU.ActiveCfg = Release|Any CPU
		{157A228A-BC77-4030-8F92-B15DB9B0E994}.Release|Any CPU.Build.0 = Release|Any CPU
	EndGlobalSection
	GlobalSection(SolutionProperties) = preSolution
		HideSolutionNode = FALSE
	EndGlobalSection
	GlobalSection(ExtensibilityGlobals) = postSolution
		SolutionGuid = {ECEF2D6C-27E5-4032-B209-93E4B7D75BBF}
	EndGlobalSection
EndGlobal
